{
    "_meta": {
        "hash": {
            "sha256": "07b868f5357249b06af50b38a10df83fa8114ea5720e1e2ae55dffdfe0211410"
        },
        "pipfile-spec": 6,
        "requires": {
            "python_version": "3.10"
        },
        "sources": [
            {
                "name": "pypi",
                "url": "https://pypi.org/simple",
                "verify_ssl": true
            }
        ]
    },
    "default": {
        "colorama": {
            "hashes": [
                "sha256:854bf444933e37f5824ae7bfc1e98d5bce2ebe4160d46b5edf346a89358e99da",
                "sha256:e6c6b4334fc50988a639d9b98aa429a0b57da6e17b9a44f0451f930b6967b7a4"
            ],
            "markers": "python_version >= '2.7' and python_version not in '3.0, 3.1, 3.2, 3.3, 3.4'",
            "version": "==0.4.5"
        },
        "pretty-errors": {
            "hashes": [
                "sha256:8ce68ccd99e0f2a099265c8c1f1c23b7c60a15d69bb08816cb336e237d5dc983",
                "sha256:a16ba5c752c87c263bf92f8b4b58624e3b1e29271a9391f564f12b86e93c6755"
            ],
            "index": "pypi",
            "version": "==1.2.25"
        },
        "python-vlc": {
            "hashes": [
                "sha256:92f98fee088f72bd6d063b3b3312d0bd29b37e7ad65ddeb3a7303320300c2807",
                "sha256:c409afb38fe9f788a663b4302ca583f31289ef0860ab2b1668da96bbe8f14bfc"
            ],
            "index": "pypi",
            "version": "==3.0.16120"
        }
    },
    "develop": {}
}
